
Microsoft Visual Studio Solution File, Format Version 12.00
# Visual Studio Version 17
VisualStudioVersion = 17.13.35825.156 d17.13
MinimumVisualStudioVersion = 10.0.40219.1
Project("{FAE04EC0-301F-11D3-BF4B-00C04F79EFBC}") = "t5-pr1-LlucVelazquez", "t5-pr1-LlucVelazquez\t5-pr1-LlucVelazquez.csproj", "{D5E4A8AB-943A-4664-91FB-38813B02AB5A}"
EndProject
Global
	GlobalSection(SolutionConfigurationPlatforms) = preSolution
		Debug|Any CPU = Debug|Any CPU
		Release|Any CPU = Release|Any CPU
	EndGlobalSection
	GlobalSection(ProjectConfigurationPlatforms) = postSolution
		{D5E4A8AB-943A-4664-91FB-38813B02AB5A}.Debug|Any CPU.ActiveCfg = Debug|Any CPU
		{D5E4A8AB-943A-4664-91FB-38813B02AB5A}.Debug|Any CPU.Build.0 = Debug|Any CPU
		{D5E4A8AB-943A-4664-91FB-38813B02AB5A}.Release|Any CPU.ActiveCfg = Release|Any CPU
		{D5E4A8AB-943A-4664-91FB-38813B02AB5A}.Release|Any CPU.Build.0 = Release|Any CPU
	EndGlobalSection
	GlobalSection(SolutionProperties) = preSolution
		HideSolutionNode = FALSE
	EndGlobalSection
	GlobalSection(ExtensibilityGlobals) = postSolution
		SolutionGuid = {F11AB03C-DAD2-4B98-8BDB-6DD523622DB1}
	EndGlobalSection
EndGlobal
